// !$*UTF8*$!
{
	archiveVersion = 1;
	classes = {
	};
	objectVersion = 46;
	objects = {

/* Begin PBXBuildFile section */
		375025DC1E35B1A3000904B2 /* AppDelegate.swift in Sources */ = {isa = PBXBuildFile; fileRef = 375025DB1E35B1A3000904B2 /* AppDelegate.swift */; };
		375025DE1E35B1A3000904B2 /* ViewController.swift in Sources */ = {isa = PBXBuildFile; fileRef = 375025DD1E35B1A3000904B2 /* ViewController.swift */; };
		375025E11E35B1A3000904B2 /* Main.storyboard in Resources */ = {isa = PBXBuildFile; fileRef = 375025DF1E35B1A3000904B2 /* Main.storyboard */; };
		375025E31E35B1A3000904B2 /* Assets.xcassets in Resources */ = {isa = PBXBuildFile; fileRef = 375025E21E35B1A3000904B2 /* Assets.xcassets */; };
		375025E61E35B1A3000904B2 /* LaunchScreen.storyboard in Resources */ = {isa = PBXBuildFile; fileRef = 375025E41E35B1A3000904B2 /* LaunchScreen.storyboard */; };
		375025F11E35B1A3000904B2 /* TextDisplayTests.swift in Sources */ = {isa = PBXBuildFile; fileRef = 375025F01E35B1A3000904B2 /* TextDisplayTests.swift */; };
		375025FC1E35B1A3000904B2 /* TextDisplayUITests.swift in Sources */ = {isa = PBXBuildFile; fileRef = 375025FB1E35B1A3000904B2 /* TextDisplayUITests.swift */; };
		3750260E1E35CE49000904B2 /* FNBlingBlingLabel.swift in Sources */ = {isa = PBXBuildFile; fileRef = 3750260D1E35CE49000904B2 /* FNBlingBlingLabel.swift */; };
/* End PBXBuildFile section */

/* Begin PBXContainerItemProxy section */
		375025ED1E35B1A3000904B2 /* PBXContainerItemProxy */ = {
			isa = PBXContainerItemProxy;
			containerPortal = 375025D01E35B1A2000904B2 /* Project object */;
			proxyType = 1;
			remoteGlobalIDString = 375025D71E35B1A2000904B2;
			remoteInfo = TextDisplay;
		};
		375025F81E35B1A3000904B2 /* PBXContainerItemProxy */ = {
			isa = PBXContainerItemProxy;
			containerPortal = 375025D01E35B1A2000904B2 /* Project object */;
			proxyType = 1;
			remoteGlobalIDString = 375025D71E35B1A2000904B2;
			remoteInfo = TextDisplay;
		};
/* End PBXContainerItemProxy section */

/* Begin PBXFileReference section */
		375025D81E35B1A2000904B2 /* TextDisplay.app */ = {isa = PBXFileReference; explicitFileType = wrapper.application; includeInIndex = 0; path = TextDisplay.app; sourceTree = BUILT_PRODUCTS_DIR; };
		375025DB1E35B1A3000904B2 /* AppDelegate.swift */ = {isa = PBXFileReference; lastKnownFileType = sourcecode.swift; path = AppDelegate.swift; sourceTree = "<group>"; };
		375025DD1E35B1A3000904B2 /* ViewController.swift */ = {isa = PBXFileReference; lastKnownFileType = sourcecode.swift; path = ViewController.swift; sourceTree = "<group>"; };
		375025E01E35B1A3000904B2 /* Base */ = {isa = PBXFileReference; lastKnownFileType = file.storyboard; name = Base; path = Base.lproj/Main.storyboard; sourceTree = "<group>"; };
		375025E21E35B1A3000904B2 /* Assets.xcassets */ = {isa = PBXFileReference; lastKnownFileType = folder.assetcatalog; path = Assets.xcassets; sourceTree = "<group>"; };
		375025E51E35B1A3000904B2 /* Base */ = {isa = PBXFileReference; lastKnownFileType = file.storyboard; name = Base; path = Base.lproj/LaunchScreen.storyboard; sourceTree = "<group>"; };
		375025E71E35B1A3000904B2 /* Info.plist */ = {isa = PBXFileReference; lastKnownFileType = text.plist.xml; name = Info.plist; path = TextDisplay/Info.plist; sourceTree = "<group>"; };
		375025EC1E35B1A3000904B2 /* TextDisplayTests.xctest */ = {isa = PBXFileReference; explicitFileType = wrapper.cfbundle; includeInIndex = 0; path = TextDisplayTests.xctest; sourceTree = BUILT_PRODUCTS_DIR; };
		375025F01E35B1A3000904B2 /* TextDisplayTests.swift */ = {isa = PBXFileReference; lastKnownFileType = sourcecode.swift; path = TextDisplayTests.swift; sourceTree = "<group>"; };
		375025F21E35B1A3000904B2 /* Info.plist */ = {isa = PBXFileReference; lastKnownFileType = text.plist.xml; path = Info.plist; sourceTree = "<group>"; };
		375025F71E35B1A3000904B2 /* TextDisplayUITests.xctest */ = {isa = PBXFileReference; explicitFileType = wrapper.cfbundle; includeInIndex = 0; path = TextDisplayUITests.xctest; sourceTree = BUILT_PRODUCTS_DIR; };
		375025FB1E35B1A3000904B2 /* TextDisplayUITests.swift */ = {isa = PBXFileReference; lastKnownFileType = sourcecode.swift; path = TextDisplayUITests.swift; sourceTree = "<group>"; };
		375025FD1E35B1A3000904B2 /* Info.plist */ = {isa = PBXFileReference; lastKnownFileType = text.plist.xml; path = Info.plist; sourceTree = "<group>"; };
		3750260D1E35CE49000904B2 /* FNBlingBlingLabel.swift */ = {isa = PBXFileReference; fileEncoding = 4; lastKnownFileType = sourcecode.swift; path = FNBlingBlingLabel.swift; sourceTree = "<group>"; };
/* End PBXFileReference section */

/* Begin PBXFrameworksBuildPhase section */
		375025D51E35B1A2000904B2 /* Frameworks */ = {
			isa = PBXFrameworksBuildPhase;
			buildActionMask = 2147483647;
			files = (
			);
			runOnlyForDeploymentPostprocessing = 0;
		};
		375025E91E35B1A3000904B2 /* Frameworks */ = {
			isa = PBXFrameworksBuildPhase;
			buildActionMask = 2147483647;
			files = (
			);
			runOnlyForDeploymentPostprocessing = 0;
		};
		375025F41E35B1A3000904B2 /* Frameworks */ = {
			isa = PBXFrameworksBuildPhase;
			buildActionMask = 2147483647;
			files = (
			);
			runOnlyForDeploymentPostprocessing = 0;
		};
/* End PBXFrameworksBuildPhase section */

/* Begin PBXGroup section */
		375025CF1E35B1A2000904B2 = {
			isa = PBXGroup;
			children = (
				375025DA1E35B1A3000904B2 /* TextDisplay */,
				375025EF1E35B1A3000904B2 /* TextDisplayTests */,
				375025FA1E35B1A3000904B2 /* TextDisplayUITests */,
				375025D91E35B1A2000904B2 /* Products */,
				375025E71E35B1A3000904B2 /* Info.plist */,
			);
			sourceTree = "<group>";
		};
		375025D91E35B1A2000904B2 /* Products */ = {
			isa = PBXGroup;
			children = (
				375025D81E35B1A2000904B2 /* TextDisplay.app */,
				375025EC1E35B1A3000904B2 /* TextDisplayTests.xctest */,
				375025F71E35B1A3000904B2 /* TextDisplayUITests.xctest */,
			);
			name = Products;
			sourceTree = "<group>";
		};
		375025DA1E35B1A3000904B2 /* TextDisplay */ = {
			isa = PBXGroup;
			children = (
				3750260C1E35CE23000904B2 /* FNBlingBlingLabel */,
				375025DB1E35B1A3000904B2 /* AppDelegate.swift */,
				375025DD1E35B1A3000904B2 /* ViewController.swift */,
				375025DF1E35B1A3000904B2 /* Main.storyboard */,
				375025E21E35B1A3000904B2 /* Assets.xcassets */,
				375025E41E35B1A3000904B2 /* LaunchScreen.storyboard */,
			);
			path = TextDisplay;
			sourceTree = "<group>";
		};
		375025EF1E35B1A3000904B2 /* TextDisplayTests */ = {
			isa = PBXGroup;
			children = (
				375025F01E35B1A3000904B2 /* TextDisplayTests.swift */,
				375025F21E35B1A3000904B2 /* Info.plist */,
			);
			path = TextDisplayTests;
			sourceTree = "<group>";
		};
		375025FA1E35B1A3000904B2 /* TextDisplayUITests */ = {
			isa = PBXGroup;
			children = (
				375025FB1E35B1A3000904B2 /* TextDisplayUITests.swift */,
				375025FD1E35B1A3000904B2 /* Info.plist */,
			);
			path = TextDisplayUITests;
			sourceTree = "<group>";
		};
		3750260C1E35CE23000904B2 /* FNBlingBlingLabel */ = {
			isa = PBXGroup;
			children = (
				3750260D1E35CE49000904B2 /* FNBlingBlingLabel.swift */,
			);
			path = FNBlingBlingLabel;
			sourceTree = "<group>";
		};
/* End PBXGroup section */

/* Begin PBXNativeTarget section */
		375025D71E35B1A2000904B2 /* TextDisplay */ = {
			isa = PBXNativeTarget;
			buildConfigurationList = 375026001E35B1A3000904B2 /* Build configuration list for PBXNativeTarget "TextDisplay" */;
			buildPhases = (
				375025D41E35B1A2000904B2 /* Sources */,
				375025D51E35B1A2000904B2 /* Frameworks */,
				375025D61E35B1A2000904B2 /* Resources */,
			);
			buildRules = (
			);
			dependencies = (
			);
			name = TextDisplay;
			productName = TextDisplay;
			productReference = 375025D81E35B1A2000904B2 /* TextDisplay.app */;
			productType = "com.apple.product-type.application";
		};
		375025EB1E35B1A3000904B2 /* TextDisplayTests */ = {
			isa = PBXNativeTarget;
			buildConfigurationList = 375026031E35B1A3000904B2 /* Build configuration list for PBXNativeTarget "TextDisplayTests" */;
			buildPhases = (
				375025E81E35B1A3000904B2 /* Sources */,
				375025E91E35B1A3000904B2 /* Frameworks */,
				375025EA1E35B1A3000904B2 /* Resources */,
			);
			buildRules = (
			);
			dependencies = (
				375025EE1E35B1A3000904B2 /* PBXTargetDependency */,
			);
			name = TextDisplayTests;
			productName = TextDisplayTests;
			productReference = 375025EC1E35B1A3000904B2 /* TextDisplayTests.xctest */;
			productType = "com.apple.product-type.bundle.unit-test";
		};
		375025F61E35B1A3000904B2 /* TextDisplayUITests */ = {
			isa = PBXNativeTarget;
			buildConfigurationList = 375026061E35B1A3000904B2 /* Build configuration list for PBXNativeTarget "TextDisplayUITests" */;
			buildPhases = (
				375025F31E35B1A3000904B2 /* Sources */,
				375025F41E35B1A3000904B2 /* Frameworks */,
				375025F51E35B1A3000904B2 /* Resources */,
			);
			buildRules = (
			);
			dependencies = (
				375025F91E35B1A3000904B2 /* PBXTargetDependency */,
			);
			name = TextDisplayUITests;
			productName = TextDisplayUITests;
			productReference = 375025F71E35B1A3000904B2 /* TextDisplayUITests.xctest */;
			productType = "com.apple.product-type.bundle.ui-testing";
		};
/* End PBXNativeTarget section */

/* Begin PBXProject section */
		375025D01E35B1A2000904B2 /* Project object */ = {
			isa = PBXProject;
			attributes = {
				LastSwiftUpdateCheck = 0730;
				LastUpgradeCheck = 0730;
				ORGANIZATIONNAME = com;
				TargetAttributes = {
					375025D71E35B1A2000904B2 = {
						CreatedOnToolsVersion = 7.3.1;
					};
					375025EB1E35B1A3000904B2 = {
						CreatedOnToolsVersion = 7.3.1;
						TestTargetID = 375025D71E35B1A2000904B2;
					};
					375025F61E35B1A3000904B2 = {
						CreatedOnToolsVersion = 7.3.1;
						TestTargetID = 375025D71E35B1A2000904B2;
					};
				};
			};
			buildConfigurationList = 375025D31E35B1A2000904B2 /* Build configuration list for PBXProject "TextDisplay" */;
			compatibilityVersion = "Xcode 3.2";
			developmentRegion = English;
			hasScannedForEncodings = 0;
			knownRegions = (
				en,
				Base,
			);
			mainGroup = 375025CF1E35B1A2000904B2;
			productRefGroup = 375025D91E35B1A2000904B2 /* Products */;
			projectDirPath = "";
			projectRoot = "";
			targets = (
				375025D71E35B1A2000904B2 /* TextDisplay */,
				375025EB1E35B1A3000904B2 /* TextDisplayTests */,
				375025F61E35B1A3000904B2 /* TextDisplayUITests */,
			);
		};
/* End PBXProject section */

/* Begin PBXResourcesBuildPhase section */
		375025D61E35B1A2000904B2 /* Resources */ = {
			isa = PBXResourcesBuildPhase;
			buildActionMask = 2147483647;
			files = (
				375025E61E35B1A3000904B2 /* LaunchScreen.storyboard in Resources */,
				375025E31E35B1A3000904B2 /* Assets.xcassets in Resources */,
				375025E11E35B1A3000904B2 /* Main.storyboard in Resources */,
			);
			runOnlyForDeploymentPostprocessing = 0;
		};
		375025EA1E35B1A3000904B2 /* Resources */ = {
			isa = PBXResourcesBuildPhase;
			buildActionMask = 2147483647;
			files = (
			);
			runOnlyForDeploymentPostprocessing = 0;
		};
		375025F51E35B1A3000904B2 /* Resources */ = {
			isa = PBXResourcesBuildPhase;
			buildActionMask = 2147483647;
			files = (
			);
			runOnlyForDeploymentPostprocessing = 0;
		};
/* End PBXResourcesBuildPhase section */

/* Begin PBXSourcesBuildPhase section */
		375025D41E35B1A2000904B2 /* Sources */ = {
			isa = PBXSourcesBuildPhase;
			buildActionMask = 2147483647;
			files = (
				3750260E1E35CE49000904B2 /* FNBlingBlingLabel.swift in Sources */,
				375025DE1E35B1A3000904B2 /* ViewController.swift in Sources */,
				375025DC1E35B1A3000904B2 /* AppDelegate.swift in Sources */,
			);
			runOnlyForDeploymentPostprocessing = 0;
		};
		375025E81E35B1A3000904B2 /* Sources */ = {
			isa = PBXSourcesBuildPhase;
			buildActionMask = 2147483647;
			files = (
				375025F11E35B1A3000904B2 /* TextDisplayTests.swift in Sources */,
			);
			runOnlyForDeploymentPostprocessing = 0;
		};
		375025F31E35B1A3000904B2 /* Sources */ = {
			isa = PBXSourcesBuildPhase;
			buildActionMask = 2147483647;
			files = (
				375025FC1E35B1A3000904B2 /* TextDisplayUITests.swift in Sources */,
			);
			runOnlyForDeploymentPostprocessing = 0;
		};
/* End PBXSourcesBuildPhase section */

/* Begin PBXTargetDependency section */
		375025EE1E35B1A3000904B2 /* PBXTargetDependency */ = {
			isa = PBXTargetDependency;
			target = 375025D71E35B1A2000904B2 /* TextDisplay */;
			targetProxy = 375025ED1E35B1A3000904B2 /* PBXContainerItemProxy */;
		};
		375025F91E35B1A3000904B2 /* PBXTargetDependency */ = {
			isa = PBXTargetDependency;
			target = 375025D71E35B1A2000904B2 /* TextDisplay */;
			targetProxy = 375025F81E35B1A3000904B2 /* PBXContainerItemProxy */;
		};
/* End PBXTargetDependency section */

/* Begin PBXVariantGroup section */
		375025DF1E35B1A3000904B2 /* Main.storyboard */ = {
			isa = PBXVariantGroup;
			children = (
				375025E01E35B1A3000904B2 /* Base */,
			);
			name = Main.storyboard;
			sourceTree = "<group>";
		};
		375025E41E35B1A3000904B2 /* LaunchScreen.storyboard */ = {
			isa = PBXVariantGroup;
			children = (
				375025E51E35B1A3000904B2 /* Base */,
			);
			name = LaunchScreen.storyboard;
			sourceTree = "<group>";
		};
/* End PBXVariantGroup section */

/* Begin XCBuildConfiguration section */
		375025FE1E35B1A3000904B2 /* Debug */ = {
			isa = XCBuildConfiguration;
			buildSettings = {
				ALWAYS_SEARCH_USER_PATHS = NO;
				CLANG_ANALYZER_NONNULL = YES;
				CLANG_CXX_LANGUAGE_STANDARD = "gnu++0x";
				CLANG_CXX_LIBRARY = "libc++";
				CLANG_ENABLE_MODULES = YES;
				CLANG_ENABLE_OBJC_ARC = YES;
				CLANG_WARN_BOOL_CONVERSION = YES;
				CLANG_WARN_CONSTANT_CONVERSION = YES;
				CLANG_WARN_DIRECT_OBJC_ISA_USAGE = YES_ERROR;
				CLANG_WARN_EMPTY_BODY = YES;
				CLANG_WARN_ENUM_CONVERSION = YES;
				CLANG_WARN_INT_CONVERSION = YES;
				CLANG_WARN_OBJC_ROOT_CLASS = YES_ERROR;
				CLANG_WARN_UNREACHABLE_CODE = YES;
				CLANG_WARN__DUPLICATE_METHOD_MATCH = YES;
				"CODE_SIGN_IDENTITY[sdk=iphoneos*]" = "iPhone Developer";
				COPY_PHASE_STRIP = NO;
				DEBUG_INFORMATION_FORMAT = dwarf;
				ENABLE_STRICT_OBJC_MSGSEND = YES;
				ENABLE_TESTABILITY = YES;
				GCC_C_LANGUAGE_STANDARD = gnu99;
				GCC_DYNAMIC_NO_PIC = NO;
				GCC_NO_COMMON_BLOCKS = YES;
				GCC_OPTIMIZATION_LEVEL = 0;
				GCC_PREPROCESSOR_DEFINITIONS = (
					"DEBUG=1",
					"$(inherited)",
				);
				GCC_WARN_64_TO_32_BIT_CONVERSION = YES;
				GCC_WARN_ABOUT_RETURN_TYPE = YES_ERROR;
				GCC_WARN_UNDECLARED_SELECTOR = YES;
				GCC_WARN_UNINITIALIZED_AUTOS = YES_AGGRESSIVE;
				GCC_WARN_UNUSED_FUNCTION = YES;
				GCC_WARN_UNUSED_VARIABLE = YES;
				IPHONEOS_DEPLOYMENT_TARGET = 9.3;
				MTL_ENABLE_DEBUG_INFO = YES;
				ONLY_ACTIVE_ARCH = YES;
				SDKROOT = iphoneos;
				SWIFT_OPTIMIZATION_LEVEL = "-Onone";
				TARGETED_DEVICE_FAMILY = "1,2";
			};
			name = Debug;
		};
		375025FF1E35B1A3000904B2 /* Release */ = {
			isa = XCBuildConfiguration;
			buildSettings = {
				ALWAYS_SEARCH_USER_PATHS = NO;
				CLANG_ANALYZER_NONNULL = YES;
				CLANG_CXX_LANGUAGE_STANDARD = "gnu++0x";
				CLANG_CXX_LIBRARY = "libc++";
				CLANG_ENABLE_MODULES = YES;
				CLANG_ENABLE_OBJC_ARC = YES;
				CLANG_WARN_BOOL_CONVERSION = YES;
				CLANG_WARN_CONSTANT_CONVERSION = YES;
				CLANG_WARN_DIRECT_OBJC_ISA_USAGE = YES_ERROR;
				CLANG_WARN_EMPTY_BODY = YES;
				CLANG_WARN_ENUM_CONVERSION = YES;
				CLANG_WARN_INT_CONVERSION = YES;
				CLANG_WARN_OBJC_ROOT_CLASS = YES_ERROR;
				CLANG_WARN_UNREACHABLE_CODE = YES;
				CLANG_WARN__DUPLICATE_METHOD_MATCH = YES;
				"CODE_SIGN_IDENTITY[sdk=iphoneos*]" = "iPhone Developer";
				COPY_PHASE_STRIP = NO;
				DEBUG_INFORMATION_FORMAT = "dwarf-with-dsym";
				ENABLE_NS_ASSERTIONS = NO;
				ENABLE_STRICT_OBJC_MSGSEND = YES;
				GCC_C_LANGUAGE_STANDARD = gnu99;
				GCC_NO_COMMON_BLOCKS = YES;
				GCC_WARN_64_TO_32_BIT_CONVERSION = YES;
				GCC_WARN_ABOUT_RETURN_TYPE = YES_ERROR;
				GCC_WARN_UNDECLARED_SELECTOR = YES;
				GCC_WARN_UNINITIALIZED_AUTOS = YES_AGGRESSIVE;
				GCC_WARN_UNUSED_FUNCTION = YES;
				GCC_WARN_UNUSED_VARIABLE = YES;
				IPHONEOS_DEPLOYMENT_TARGET = 9.3;
				MTL_ENABLE_DEBUG_INFO = NO;
				SDKROOT = iphoneos;
				TARGETED_DEVICE_FAMILY = "1,2";
				VALIDATE_PRODUCT = YES;
			};
			name = Release;
		};
		375026011E35B1A3000904B2 /* Debug */ = {
			isa = XCBuildConfiguration;
			buildSettings = {
				ASSETCATALOG_COMPILER_APPICON_NAME = AppIcon;
				INFOPLIST_FILE = TextDisplay/Info.plist;
				LD_RUNPATH_SEARCH_PATHS = "$(inherited) @executable_path/Frameworks";
				PRODUCT_BUNDLE_IDENTIFIER = com.cc.TextDisplay;
				PRODUCT_NAME = "$(TARGET_NAME)";
			};
			name = Debug;
		};
		375026021E35B1A3000904B2 /* Release */ = {
			isa = XCBuildConfiguration;
			buildSettings = {
				ASSETCATALOG_COMPILER_APPICON_NAME = AppIcon;
				INFOPLIST_FILE = TextDisplay/Info.plist;
				LD_RUNPATH_SEARCH_PATHS = "$(inherited) @executable_path/Frameworks";
				PRODUCT_BUNDLE_IDENTIFIER = com.cc.TextDisplay;
				PRODUCT_NAME = "$(TARGET_NAME)";
			};
			name = Release;
		};
		375026041E35B1A3000904B2 /* Debug */ = {
			isa = XCBuildConfiguration;
			buildSettings = {
				BUNDLE_LOADER = "$(TEST_HOST)";
				INFOPLIST_FILE = TextDisplayTests/Info.plist;
				LD_RUNPATH_SEARCH_PATHS = "$(inherited) @executable_path/Frameworks @loader_path/Frameworks";
				PRODUCT_BUNDLE_IDENTIFIER = com.cc.TextDisplayTests;
				PRODUCT_NAME = "$(TARGET_NAME)";
				TEST_HOST = "$(BUILT_PRODUCTS_DIR)/TextDisplay.app/TextDisplay";
			};
			name = Debug;
		};
		375026051E35B1A3000904B2 /* Release */ = {
			isa = XCBuildConfiguration;
			buildSettings = {
				BUNDLE_LOADER = "$(TEST_HOST)";
				INFOPLIST_FILE = TextDisplayTests/Info.plist;
				LD_RUNPATH_SEARCH_PATHS = "$(inherited) @executable_path/Frameworks @loader_path/Frameworks";
				PRODUCT_BUNDLE_IDENTIFIER = com.cc.TextDisplayTests;
				PRODUCT_NAME = "$(TARGET_NAME)";
				TEST_HOST = "$(BUILT_PRODUCTS_DIR)/TextDisplay.app/TextDisplay";
			};
			name = Release;
		};
		375026071E35B1A3000904B2 /* Debug */ = {
			isa = XCBuildConfiguration;
			buildSettings = {
				INFOPLIST_FILE = TextDisplayUITests/Info.plist;
				LD_RUNPATH_SEARCH_PATHS = "$(inherited) @executable_path/Frameworks @loader_path/Frameworks";
				PRODUCT_BUNDLE_IDENTIFIER = com.cc.TextDisplayUITests;
				PRODUCT_NAME = "$(TARGET_NAME)";
				TEST_TARGET_NAME = TextDisplay;
			};
			name = Debug;
		};
		375026081E35B1A3000904B2 /* Release */ = {
			isa = XCBuildConfiguration;
			buildSettings = {
				INFOPLIST_FILE = TextDisplayUITests/Info.plist;
				LD_RUNPATH_SEARCH_PATHS = "$(inherited) @executable_path/Frameworks @loader_path/Frameworks";
				PRODUCT_BUNDLE_IDENTIFIER = com.cc.TextDisplayUITests;
				PRODUCT_NAME = "$(TARGET_NAME)";
				TEST_TARGET_NAME = TextDisplay;
			};
			name = Release;
		};
/* End XCBuildConfiguration section */

/* Begin XCConfigurationList section */
		375025D31E35B1A2000904B2 /* Build configuration list for PBXProject "TextDisplay" */ = {
			isa = XCConfigurationList;
			buildConfigurations = (
				375025FE1E35B1A3000904B2 /* Debug */,
				375025FF1E35B1A3000904B2 /* Release */,
			);
			defaultConfigurationIsVisible = 0;
			defaultConfigurationName = Release;
		};
		375026001E35B1A3000904B2 /* Build configuration list for PBXNativeTarget "TextDisplay" */ = {
			isa = XCConfigurationList;
			buildConfigurations = (
				375026011E35B1A3000904B2 /* Debug */,
				375026021E35B1A3000904B2 /* Release */,
			);
			defaultConfigurationIsVisible = 0;
			defaultConfigurationName = Release;
		};
		375026031E35B1A3000904B2 /* Build configuration list for PBXNativeTarget "TextDisplayTests" */ = {
			isa = XCConfigurationList;
			buildConfigurations = (
				375026041E35B1A3000904B2 /* Debug */,
				375026051E35B1A3000904B2 /* Release */,
			);
			defaultConfigurationIsVisible = 0;
			defaultConfigurationName = Release;
		};
		375026061E35B1A3000904B2 /* Build configuration list for PBXNativeTarget "TextDisplayUITests" */ = {
			isa = XCConfigurationList;
			buildConfigurations = (
				375026071E35B1A3000904B2 /* Debug */,
				375026081E35B1A3000904B2 /* Release */,
			);
			defaultConfigurationIsVisible = 0;
			defaultConfigurationName = Release;
		};
/* End XCConfigurationList section */
	};
	rootObject = 375025D01E35B1A2000904B2 /* Project object */;
}
